// !$*UTF8*$!
{
	archiveVersion = 1;
	classes = {
	};
	objectVersion = 55;
	objects = {

/* Begin PBXBuildFile section */
		2F58C41C28AB98CB00C6CA36 /* AppDelegate.swift in Sources */ = {isa = PBXBuildFile; fileRef = 2F58C41B28AB98CB00C6CA36 /* AppDelegate.swift */; };
		2F58C41E28AB98CB00C6CA36 /* SceneDelegate.swift in Sources */ = {isa = PBXBuildFile; fileRef = 2F58C41D28AB98CB00C6CA36 /* SceneDelegate.swift */; };
		2F58C42328AB98CB00C6CA36 /* Main.storyboard in Resources */ = {isa = PBXBuildFile; fileRef = 2F58C42128AB98CB00C6CA36 /* Main.storyboard */; };
		2F58C42528AB98CD00C6CA36 /* Assets.xcassets in Resources */ = {isa = PBXBuildFile; fileRef = 2F58C42428AB98CD00C6CA36 /* Assets.xcassets */; };
		2F58C42828AB98CD00C6CA36 /* LaunchScreen.storyboard in Resources */ = {isa = PBXBuildFile; fileRef = 2F58C42628AB98CD00C6CA36 /* LaunchScreen.storyboard */; };
		2F58C43328ABA81E00C6CA36 /* MapViewController.swift in Sources */ = {isa = PBXBuildFile; fileRef = 2F58C43228ABA81E00C6CA36 /* MapViewController.swift */; };
		2F58C43528ABA83900C6CA36 /* TableViewController.swift in Sources */ = {isa = PBXBuildFile; fileRef = 2F58C43428ABA83900C6CA36 /* TableViewController.swift */; };
		2F58C43728ABA87000C6CA36 /* Club.swift in Sources */ = {isa = PBXBuildFile; fileRef = 2F58C43628ABA87000C6CA36 /* Club.swift */; };
		2F58C43928ABA8B100C6CA36 /* Stadium.swift in Sources */ = {isa = PBXBuildFile; fileRef = 2F58C43828ABA8B100C6CA36 /* Stadium.swift */; };
		2F58C43B28ABA8DE00C6CA36 /* Datas.swift in Sources */ = {isa = PBXBuildFile; fileRef = 2F58C43A28ABA8DE00C6CA36 /* Datas.swift */; };
		2F58C43D28ABAE0A00C6CA36 /* ClubCell.swift in Sources */ = {isa = PBXBuildFile; fileRef = 2F58C43C28ABAE0A00C6CA36 /* ClubCell.swift */; };
		2F58C43F28ABB57E00C6CA36 /* StadiumAnnotations.swift in Sources */ = {isa = PBXBuildFile; fileRef = 2F58C43E28ABB57E00C6CA36 /* StadiumAnnotations.swift */; };
		2F58C44128ABF77000C6CA36 /* StadiumAnnotationView.swift in Sources */ = {isa = PBXBuildFile; fileRef = 2F58C44028ABF77000C6CA36 /* StadiumAnnotationView.swift */; };
		2F58C44328AC031700C6CA36 /* DetailViewController.swift in Sources */ = {isa = PBXBuildFile; fileRef = 2F58C44228AC031700C6CA36 /* DetailViewController.swift */; };
/* End PBXBuildFile section */

/* Begin PBXFileReference section */
		2F58C41828AB98CB00C6CA36 /* Top14_Rugby.app */ = {isa = PBXFileReference; explicitFileType = wrapper.application; includeInIndex = 0; path = Top14_Rugby.app; sourceTree = BUILT_PRODUCTS_DIR; };
		2F58C41B28AB98CB00C6CA36 /* AppDelegate.swift */ = {isa = PBXFileReference; lastKnownFileType = sourcecode.swift; path = AppDelegate.swift; sourceTree = "<group>"; };
		2F58C41D28AB98CB00C6CA36 /* SceneDelegate.swift */ = {isa = PBXFileReference; lastKnownFileType = sourcecode.swift; path = SceneDelegate.swift; sourceTree = "<group>"; };
		2F58C42228AB98CB00C6CA36 /* Base */ = {isa = PBXFileReference; lastKnownFileType = file.storyboard; name = Base; path = Base.lproj/Main.storyboard; sourceTree = "<group>"; };
		2F58C42428AB98CD00C6CA36 /* Assets.xcassets */ = {isa = PBXFileReference; lastKnownFileType = folder.assetcatalog; path = Assets.xcassets; sourceTree = "<group>"; };
		2F58C42728AB98CD00C6CA36 /* Base */ = {isa = PBXFileReference; lastKnownFileType = file.storyboard; name = Base; path = Base.lproj/LaunchScreen.storyboard; sourceTree = "<group>"; };
		2F58C42928AB98CD00C6CA36 /* Info.plist */ = {isa = PBXFileReference; lastKnownFileType = text.plist.xml; path = Info.plist; sourceTree = "<group>"; };
		2F58C43228ABA81E00C6CA36 /* MapViewController.swift */ = {isa = PBXFileReference; lastKnownFileType = sourcecode.swift; path = MapViewController.swift; sourceTree = "<group>"; };
		2F58C43428ABA83900C6CA36 /* TableViewController.swift */ = {isa = PBXFileReference; lastKnownFileType = sourcecode.swift; path = TableViewController.swift; sourceTree = "<group>"; };
		2F58C43628ABA87000C6CA36 /* Club.swift */ = {isa = PBXFileReference; lastKnownFileType = sourcecode.swift; path = Club.swift; sourceTree = "<group>"; };
		2F58C43828ABA8B100C6CA36 /* Stadium.swift */ = {isa = PBXFileReference; lastKnownFileType = sourcecode.swift; path = Stadium.swift; sourceTree = "<group>"; };
		2F58C43A28ABA8DE00C6CA36 /* Datas.swift */ = {isa = PBXFileReference; lastKnownFileType = sourcecode.swift; path = Datas.swift; sourceTree = "<group>"; };
		2F58C43C28ABAE0A00C6CA36 /* ClubCell.swift */ = {isa = PBXFileReference; lastKnownFileType = sourcecode.swift; path = ClubCell.swift; sourceTree = "<group>"; };
		2F58C43E28ABB57E00C6CA36 /* StadiumAnnotations.swift */ = {isa = PBXFileReference; lastKnownFileType = sourcecode.swift; path = StadiumAnnotations.swift; sourceTree = "<group>"; };
		2F58C44028ABF77000C6CA36 /* StadiumAnnotationView.swift */ = {isa = PBXFileReference; lastKnownFileType = sourcecode.swift; path = StadiumAnnotationView.swift; sourceTree = "<group>"; };
		2F58C44228AC031700C6CA36 /* DetailViewController.swift */ = {isa = PBXFileReference; lastKnownFileType = sourcecode.swift; path = DetailViewController.swift; sourceTree = "<group>"; };
/* End PBXFileReference section */

/* Begin PBXFrameworksBuildPhase section */
		2F58C41528AB98CB00C6CA36 /* Frameworks */ = {
			isa = PBXFrameworksBuildPhase;
			buildActionMask = 2147483647;
			files = (
			);
			runOnlyForDeploymentPostprocessing = 0;
		};
/* End PBXFrameworksBuildPhase section */

/* Begin PBXGroup section */
		2F58C40F28AB98CB00C6CA36 = {
			isa = PBXGroup;
			children = (
				2F58C41A28AB98CB00C6CA36 /* Top14_Rugby */,
				2F58C41928AB98CB00C6CA36 /* Products */,
			);
			sourceTree = "<group>";
		};
		2F58C41928AB98CB00C6CA36 /* Products */ = {
			isa = PBXGroup;
			children = (
				2F58C41828AB98CB00C6CA36 /* Top14_Rugby.app */,
			);
			name = Products;
			sourceTree = "<group>";
		};
		2F58C41A28AB98CB00C6CA36 /* Top14_Rugby */ = {
			isa = PBXGroup;
			children = (
				2F58C42F28ABA78F00C6CA36 /* Model */,
				2F58C43028ABA79800C6CA36 /* View */,
				2F58C43128ABA7A000C6CA36 /* Controller */,
				2F58C41B28AB98CB00C6CA36 /* AppDelegate.swift */,
				2F58C41D28AB98CB00C6CA36 /* SceneDelegate.swift */,
				2F58C42128AB98CB00C6CA36 /* Main.storyboard */,
				2F58C42428AB98CD00C6CA36 /* Assets.xcassets */,
				2F58C42628AB98CD00C6CA36 /* LaunchScreen.storyboard */,
				2F58C42928AB98CD00C6CA36 /* Info.plist */,
			);
			path = Top14_Rugby;
			sourceTree = "<group>";
		};
		2F58C42F28ABA78F00C6CA36 /* Model */ = {
			isa = PBXGroup;
			children = (
				2F58C43628ABA87000C6CA36 /* Club.swift */,
				2F58C43828ABA8B100C6CA36 /* Stadium.swift */,
				2F58C43E28ABB57E00C6CA36 /* StadiumAnnotations.swift */,
				2F58C43A28ABA8DE00C6CA36 /* Datas.swift */,
			);
			path = Model;
			sourceTree = "<group>";
		};
		2F58C43028ABA79800C6CA36 /* View */ = {
			isa = PBXGroup;
			children = (
				2F58C43C28ABAE0A00C6CA36 /* ClubCell.swift */,
				2F58C44028ABF77000C6CA36 /* StadiumAnnotationView.swift */,
			);
			path = View;
			sourceTree = "<group>";
		};
		2F58C43128ABA7A000C6CA36 /* Controller */ = {
			isa = PBXGroup;
			children = (
				2F58C43228ABA81E00C6CA36 /* MapViewController.swift */,
				2F58C43428ABA83900C6CA36 /* TableViewController.swift */,
				2F58C44228AC031700C6CA36 /* DetailViewController.swift */,
			);
			path = Controller;
			sourceTree = "<group>";
		};
/* End PBXGroup section */

/* Begin PBXNativeTarget section */
		2F58C41728AB98CB00C6CA36 /* Top14_Rugby */ = {
			isa = PBXNativeTarget;
			buildConfigurationList = 2F58C42C28AB98CD00C6CA36 /* Build configuration list for PBXNativeTarget "Top14_Rugby" */;
			buildPhases = (
				2F58C41428AB98CB00C6CA36 /* Sources */,
				2F58C41528AB98CB00C6CA36 /* Frameworks */,
				2F58C41628AB98CB00C6CA36 /* Resources */,
			);
			buildRules = (
			);
			dependencies = (
			);
			name = Top14_Rugby;
			productName = Top14_Rugby;
			productReference = 2F58C41828AB98CB00C6CA36 /* Top14_Rugby.app */;
			productType = "com.apple.product-type.application";
		};
/* End PBXNativeTarget section */

/* Begin PBXProject section */
		2F58C41028AB98CB00C6CA36 /* Project object */ = {
			isa = PBXProject;
			attributes = {
				BuildIndependentTargetsInParallel = 1;
				LastSwiftUpdateCheck = 1340;
				LastUpgradeCheck = 1340;
				TargetAttributes = {
					2F58C41728AB98CB00C6CA36 = {
						CreatedOnToolsVersion = 13.4.1;
					};
				};
			};
			buildConfigurationList = 2F58C41328AB98CB00C6CA36 /* Build configuration list for PBXProject "Top14_Rugby" */;
			compatibilityVersion = "Xcode 13.0";
			developmentRegion = en;
			hasScannedForEncodings = 0;
			knownRegions = (
				en,
				Base,
			);
			mainGroup = 2F58C40F28AB98CB00C6CA36;
			productRefGroup = 2F58C41928AB98CB00C6CA36 /* Products */;
			projectDirPath = "";
			projectRoot = "";
			targets = (
				2F58C41728AB98CB00C6CA36 /* Top14_Rugby */,
			);
		};
/* End PBXProject section */

/* Begin PBXResourcesBuildPhase section */
		2F58C41628AB98CB00C6CA36 /* Resources */ = {
			isa = PBXResourcesBuildPhase;
			buildActionMask = 2147483647;
			files = (
				2F58C42828AB98CD00C6CA36 /* LaunchScreen.storyboard in Resources */,
				2F58C42528AB98CD00C6CA36 /* Assets.xcassets in Resources */,
				2F58C42328AB98CB00C6CA36 /* Main.storyboard in Resources */,
			);
			runOnlyForDeploymentPostprocessing = 0;
		};
/* End PBXResourcesBuildPhase section */

/* Begin PBXSourcesBuildPhase section */
		2F58C41428AB98CB00C6CA36 /* Sources */ = {
			isa = PBXSourcesBuildPhase;
			buildActionMask = 2147483647;
			files = (
				2F58C44328AC031700C6CA36 /* DetailViewController.swift in Sources */,
				2F58C41C28AB98CB00C6CA36 /* AppDelegate.swift in Sources */,
				2F58C43B28ABA8DE00C6CA36 /* Datas.swift in Sources */,
				2F58C43928ABA8B100C6CA36 /* Stadium.swift in Sources */,
				2F58C43D28ABAE0A00C6CA36 /* ClubCell.swift in Sources */,
				2F58C43328ABA81E00C6CA36 /* MapViewController.swift in Sources */,
				2F58C43728ABA87000C6CA36 /* Club.swift in Sources */,
				2F58C41E28AB98CB00C6CA36 /* SceneDelegate.swift in Sources */,
				2F58C43528ABA83900C6CA36 /* TableViewController.swift in Sources */,
				2F58C43F28ABB57E00C6CA36 /* StadiumAnnotations.swift in Sources */,
				2F58C44128ABF77000C6CA36 /* StadiumAnnotationView.swift in Sources */,
			);
			runOnlyForDeploymentPostprocessing = 0;
		};
/* End PBXSourcesBuildPhase section */

/* Begin PBXVariantGroup section */
		2F58C42128AB98CB00C6CA36 /* Main.storyboard */ = {
			isa = PBXVariantGroup;
			children = (
				2F58C42228AB98CB00C6CA36 /* Base */,
			);
			name = Main.storyboard;
			sourceTree = "<group>";
		};
		2F58C42628AB98CD00C6CA36 /* LaunchScreen.storyboard */ = {
			isa = PBXVariantGroup;
			children = (
				2F58C42728AB98CD00C6CA36 /* Base */,
			);
			name = LaunchScreen.storyboard;
			sourceTree = "<group>";
		};
/* End PBXVariantGroup section */

/* Begin XCBuildConfiguration section */
		2F58C42A28AB98CD00C6CA36 /* Debug */ = {
			isa = XCBuildConfiguration;
			buildSettings = {
				ALWAYS_SEARCH_USER_PATHS = NO;
				CLANG_ANALYZER_NONNULL = YES;
				CLANG_ANALYZER_NUMBER_OBJECT_CONVERSION = YES_AGGRESSIVE;
				CLANG_CXX_LANGUAGE_STANDARD = "gnu++17";
				CLANG_ENABLE_MODULES = YES;
				CLANG_ENABLE_OBJC_ARC = YES;
				CLANG_ENABLE_OBJC_WEAK = YES;
				CLANG_WARN_BLOCK_CAPTURE_AUTORELEASING = YES;
				CLANG_WARN_BOOL_CONVERSION = YES;
				CLANG_WARN_COMMA = YES;
				CLANG_WARN_CONSTANT_CONVERSION = YES;
				CLANG_WARN_DEPRECATED_OBJC_IMPLEMENTATIONS = YES;
				CLANG_WARN_DIRECT_OBJC_ISA_USAGE = YES_ERROR;
				CLANG_WARN_DOCUMENTATION_COMMENTS = YES;
				CLANG_WARN_EMPTY_BODY = YES;
				CLANG_WARN_ENUM_CONVERSION = YES;
				CLANG_WARN_INFINITE_RECURSION = YES;
				CLANG_WARN_INT_CONVERSION = YES;
				CLANG_WARN_NON_LITERAL_NULL_CONVERSION = YES;
				CLANG_WARN_OBJC_IMPLICIT_RETAIN_SELF = YES;
				CLANG_WARN_OBJC_LITERAL_CONVERSION = YES;
				CLANG_WARN_OBJC_ROOT_CLASS = YES_ERROR;
				CLANG_WARN_QUOTED_INCLUDE_IN_FRAMEWORK_HEADER = YES;
				CLANG_WARN_RANGE_LOOP_ANALYSIS = YES;
				CLANG_WARN_STRICT_PROTOTYPES = YES;
				CLANG_WARN_SUSPICIOUS_MOVE = YES;
				CLANG_WARN_UNGUARDED_AVAILABILITY = YES_AGGRESSIVE;
				CLANG_WARN_UNREACHABLE_CODE = YES;
				CLANG_WARN__DUPLICATE_METHOD_MATCH = YES;
				COPY_PHASE_STRIP = NO;
				DEBUG_INFORMATION_FORMAT = dwarf;
				ENABLE_STRICT_OBJC_MSGSEND = YES;
				ENABLE_TESTABILITY = YES;
				GCC_C_LANGUAGE_STANDARD = gnu11;
				GCC_DYNAMIC_NO_PIC = NO;
				GCC_NO_COMMON_BLOCKS = YES;
				GCC_OPTIMIZATION_LEVEL = 0;
				GCC_PREPROCESSOR_DEFINITIONS = (
					"DEBUG=1",
					"$(inherited)",
				);
				GCC_WARN_64_TO_32_BIT_CONVERSION = YES;
				GCC_WARN_ABOUT_RETURN_TYPE = YES_ERROR;
				GCC_WARN_UNDECLARED_SELECTOR = YES;
				GCC_WARN_UNINITIALIZED_AUTOS = YES_AGGRESSIVE;
				GCC_WARN_UNUSED_FUNCTION = YES;
				GCC_WARN_UNUSED_VARIABLE = YES;
				IPHONEOS_DEPLOYMENT_TARGET = 15.5;
				MTL_ENABLE_DEBUG_INFO = INCLUDE_SOURCE;
				MTL_FAST_MATH = YES;
				ONLY_ACTIVE_ARCH = YES;
				SDKROOT = iphoneos;
				SWIFT_ACTIVE_COMPILATION_CONDITIONS = DEBUG;
				SWIFT_OPTIMIZATION_LEVEL = "-Onone";
			};
			name = Debug;
		};
		2F58C42B28AB98CD00C6CA36 /* Release */ = {
			isa = XCBuildConfiguration;
			buildSettings = {
				ALWAYS_SEARCH_USER_PATHS = NO;
				CLANG_ANALYZER_NONNULL = YES;
				CLANG_ANALYZER_NUMBER_OBJECT_CONVERSION = YES_AGGRESSIVE;
				CLANG_CXX_LANGUAGE_STANDARD = "gnu++17";
				CLANG_ENABLE_MODULES = YES;
				CLANG_ENABLE_OBJC_ARC = YES;
				CLANG_ENABLE_OBJC_WEAK = YES;
				CLANG_WARN_BLOCK_CAPTURE_AUTORELEASING = YES;
				CLANG_WARN_BOOL_CONVERSION = YES;
				CLANG_WARN_COMMA = YES;
				CLANG_WARN_CONSTANT_CONVERSION = YES;
				CLANG_WARN_DEPRECATED_OBJC_IMPLEMENTATIONS = YES;
				CLANG_WARN_DIRECT_OBJC_ISA_USAGE = YES_ERROR;
				CLANG_WARN_DOCUMENTATION_COMMENTS = YES;
				CLANG_WARN_EMPTY_BODY = YES;
				CLANG_WARN_ENUM_CONVERSION = YES;
				CLANG_WARN_INFINITE_RECURSION = YES;
				CLANG_WARN_INT_CONVERSION = YES;
				CLANG_WARN_NON_LITERAL_NULL_CONVERSION = YES;
				CLANG_WARN_OBJC_IMPLICIT_RETAIN_SELF = YES;
				CLANG_WARN_OBJC_LITERAL_CONVERSION = YES;
				CLANG_WARN_OBJC_ROOT_CLASS = YES_ERROR;
				CLANG_WARN_QUOTED_INCLUDE_IN_FRAMEWORK_HEADER = YES;
				CLANG_WARN_RANGE_LOOP_ANALYSIS = YES;
				CLANG_WARN_STRICT_PROTOTYPES = YES;
				CLANG_WARN_SUSPICIOUS_MOVE = YES;
				CLANG_WARN_UNGUARDED_AVAILABILITY = YES_AGGRESSIVE;
				CLANG_WARN_UNREACHABLE_CODE = YES;
				CLANG_WARN__DUPLICATE_METHOD_MATCH = YES;
				COPY_PHASE_STRIP = NO;
				DEBUG_INFORMATION_FORMAT = "dwarf-with-dsym";
				ENABLE_NS_ASSERTIONS = NO;
				ENABLE_STRICT_OBJC_MSGSEND = YES;
				GCC_C_LANGUAGE_STANDARD = gnu11;
				GCC_NO_COMMON_BLOCKS = YES;
				GCC_WARN_64_TO_32_BIT_CONVERSION = YES;
				GCC_WARN_ABOUT_RETURN_TYPE = YES_ERROR;
				GCC_WARN_UNDECLARED_SELECTOR = YES;
				GCC_WARN_UNINITIALIZED_AUTOS = YES_AGGRESSIVE;
				GCC_WARN_UNUSED_FUNCTION = YES;
				GCC_WARN_UNUSED_VARIABLE = YES;
				IPHONEOS_DEPLOYMENT_TARGET = 15.5;
				MTL_ENABLE_DEBUG_INFO = NO;
				MTL_FAST_MATH = YES;
				SDKROOT = iphoneos;
				SWIFT_COMPILATION_MODE = wholemodule;
				SWIFT_OPTIMIZATION_LEVEL = "-O";
				VALIDATE_PRODUCT = YES;
			};
			name = Release;
		};
		2F58C42D28AB98CD00C6CA36 /* Debug */ = {
			isa = XCBuildConfiguration;
			buildSettings = {
				ASSETCATALOG_COMPILER_APPICON_NAME = AppIcon;
				ASSETCATALOG_COMPILER_GLOBAL_ACCENT_COLOR_NAME = AccentColor;
				CODE_SIGN_STYLE = Automatic;
				CURRENT_PROJECT_VERSION = 1;
				DEVELOPMENT_TEAM = FM2ZRB2384;
				GENERATE_INFOPLIST_FILE = YES;
				INFOPLIST_FILE = Top14_Rugby/Info.plist;
				INFOPLIST_KEY_UIApplicationSupportsIndirectInputEvents = YES;
				INFOPLIST_KEY_UILaunchStoryboardName = LaunchScreen;
				INFOPLIST_KEY_UIMainStoryboardFile = Main;
				INFOPLIST_KEY_UISupportedInterfaceOrientations_iPad = "UIInterfaceOrientationPortrait UIInterfaceOrientationPortraitUpsideDown UIInterfaceOrientationLandscapeLeft UIInterfaceOrientationLandscapeRight";
				INFOPLIST_KEY_UISupportedInterfaceOrientations_iPhone = "UIInterfaceOrientationPortrait UIInterfaceOrientationLandscapeLeft UIInterfaceOrientationLandscapeRight";
				LD_RUNPATH_SEARCH_PATHS = (
					"$(inherited)",
					"@executable_path/Frameworks",
				);
				MARKETING_VERSION = 1.0;
				PRODUCT_BUNDLE_IDENTIFIER = "com.openclassrooms.top14-rugby";
				PRODUCT_NAME = "$(TARGET_NAME)";
				SWIFT_EMIT_LOC_STRINGS = YES;
				SWIFT_VERSION = 5.0;
				TARGETED_DEVICE_FAMILY = 1;
			};
			name = Debug;
		};
		2F58C42E28AB98CD00C6CA36 /* Release */ = {
			isa = XCBuildConfiguration;
			buildSettings = {
				ASSETCATALOG_COMPILER_APPICON_NAME = AppIcon;
				ASSETCATALOG_COMPILER_GLOBAL_ACCENT_COLOR_NAME = AccentColor;
				CODE_SIGN_STYLE = Automatic;
				CURRENT_PROJECT_VERSION = 1;
				DEVELOPMENT_TEAM = FM2ZRB2384;
				GENERATE_INFOPLIST_FILE = YES;
				INFOPLIST_FILE = Top14_Rugby/Info.plist;
				INFOPLIST_KEY_UIApplicationSupportsIndirectInputEvents = YES;
				INFOPLIST_KEY_UILaunchStoryboardName = LaunchScreen;
				INFOPLIST_KEY_UIMainStoryboardFile = Main;
				INFOPLIST_KEY_UISupportedInterfaceOrientations_iPad = "UIInterfaceOrientationPortrait UIInterfaceOrientationPortraitUpsideDown UIInterfaceOrientationLandscapeLeft UIInterfaceOrientationLandscapeRight";
				INFOPLIST_KEY_UISupportedInterfaceOrientations_iPhone = "UIInterfaceOrientationPortrait UIInterfaceOrientationLandscapeLeft UIInterfaceOrientationLandscapeRight";
				LD_RUNPATH_SEARCH_PATHS = (
					"$(inherited)",
					"@executable_path/Frameworks",
				);
				MARKETING_VERSION = 1.0;
				PRODUCT_BUNDLE_IDENTIFIER = "com.openclassrooms.top14-rugby";
				PRODUCT_NAME = "$(TARGET_NAME)";
				SWIFT_EMIT_LOC_STRINGS = YES;
				SWIFT_VERSION = 5.0;
				TARGETED_DEVICE_FAMILY = 1;
			};
			name = Release;
		};
/* End XCBuildConfiguration section */

/* Begin XCConfigurationList section */
		2F58C41328AB98CB00C6CA36 /* Build configuration list for PBXProject "Top14_Rugby" */ = {
			isa = XCConfigurationList;
			buildConfigurations = (
				2F58C42A28AB98CD00C6CA36 /* Debug */,
				2F58C42B28AB98CD00C6CA36 /* Release */,
			);
			defaultConfigurationIsVisible = 0;
			defaultConfigurationName = Release;
		};
		2F58C42C28AB98CD00C6CA36 /* Build configuration list for PBXNativeTarget "Top14_Rugby" */ = {
			isa = XCConfigurationList;
			buildConfigurations = (
				2F58C42D28AB98CD00C6CA36 /* Debug */,
				2F58C42E28AB98CD00C6CA36 /* Release */,
			);
			defaultConfigurationIsVisible = 0;
			defaultConfigurationName = Release;
		};
/* End XCConfigurationList section */
	};
	rootObject = 2F58C41028AB98CB00C6CA36 /* Project object */;
}
